{
  "nodes": {
    "home-manager": {
      "inputs": {
        "nixpkgs": [
          "nixpkgs"
        ]
      },
      "locked": {
        "lastModified": 1612092990,
        "narHash": "sha256-URLpFNVqrZ/Hectz04KXbtfSCW3muw8V08yKpCmoT4Y=",
        "owner": "nix-community",
        "repo": "home-manager",
        "rev": "df7d81b0b322c793f1b0e99f7a1e14d91b5312fb",
        "type": "github"
      },
      "original": {
        "owner": "nix-community",
        "ref": "master",
        "repo": "home-manager",
        "type": "github"
      }
    },
    "nix-darwin": {
      "inputs": {
        "nixpkgs": [
          "nixpkgs"
        ]
      },
      "locked": {
        "lastModified": 1611862547,
        "narHash": "sha256-pBWrGexAJjuQjveuuDEsbeLZoQabbA7gaQs9h+OuZwo=",
        "owner": "lnl7",
        "repo": "nix-darwin",
        "rev": "9e3e4033bcbb88dab3650889b73a242c58adc00e",
        "type": "github"
      },
      "original": {
        "owner": "lnl7",
        "ref": "master",
        "repo": "nix-darwin",
        "type": "github"
      }
    },
    "nixpkgs": {
      "locked": {
        "lastModified": 1612101959,
        "narHash": "sha256-7IsEL/6wpr1fI/XyIw26Rz+KjRCoJvoozIcTRpCFfMQ=",
        "owner": "nixos",
        "repo": "nixpkgs",
        "rev": "1b77b735ea70c3dfbdab3eaa79aee48d75d3e162",
        "type": "github"
      },
      "original": {
        "owner": "nixos",
        "ref": "nixpkgs-unstable",
        "repo": "nixpkgs",
        "type": "github"
      }
    },
    "root": {
      "inputs": {
        "home-manager": "home-manager",
        "nix-darwin": "nix-darwin",
        "nixpkgs": "nixpkgs"
      }
    }
  },
  "root": "root",
  "version": 7
}
