{
  "nodes": {
    "darwin": {
      "inputs": {
        "nixpkgs": [
          "nixpkgs"
        ]
      },
      "locked": {
        "lastModified": 1603640233,
        "narHash": "sha256-6OEAhLhcuQtTM+tCWkRElcVHc3/nlj/k422RxI4kxcc=",
        "owner": "lnl7",
        "repo": "nix-darwin",
        "rev": "c2124383f47315c23b0fbe8b75a1190b6d7929d0",
        "type": "github"
      },
      "original": {
        "owner": "lnl7",
        "ref": "master",
        "repo": "nix-darwin",
        "type": "github"
      }
    },
    "home-manager": {
      "inputs": {
        "nixpkgs": "nixpkgs"
      },
      "locked": {
        "lastModified": 1603922580,
        "narHash": "sha256-rPJ3YxsVm5YYHzIRLy1w3jSXIQvVXK1KydraC7m/2xc=",
        "owner": "nix-community",
        "repo": "home-manager",
        "rev": "a98ec6ec158686387d66654ea96153ec06be33d7",
        "type": "github"
      },
      "original": {
        "owner": "nix-community",
        "repo": "home-manager",
        "type": "github"
      }
    },
    "nixpkgs": {
      "locked": {
        "lastModified": 1604131686,
        "narHash": "sha256-ehasgDsZtvOe1VCz8IOI0orxClcq+cVPfYtddm47Sro=",
        "owner": "NixOS",
        "repo": "nixpkgs",
        "rev": "8cab21b48b46086d5240dcee4dd018cb4a78c074",
        "type": "github"
      },
      "original": {
        "id": "nixpkgs",
        "type": "indirect"
      }
    },
    "nixpkgs_2": {
      "locked": {
        "lastModified": 1604124531,
        "narHash": "sha256-Ml59+zIPR+JGHWnh1nc7sTu+Gd0P3OiOCPLF+9EXsWc=",
        "owner": "nixos",
        "repo": "nixpkgs",
        "rev": "88480118e3e81ac2369aaf329b50cdf951da62ee",
        "type": "github"
      },
      "original": {
        "owner": "nixos",
        "ref": "nixpkgs-20.09-darwin",
        "repo": "nixpkgs",
        "type": "github"
      }
    },
    "root": {
      "inputs": {
        "darwin": "darwin",
        "home-manager": "home-manager",
        "nixpkgs": "nixpkgs_2"
      }
    }
  },
  "root": "root",
  "version": 7
}
